
Microsoft Visual Studio Solution File, Format Version 12.00
# Visual Studio Version 16
VisualStudioVersion = 16.0.30717.126
MinimumVisualStudioVersion = 10.0.40219.1
Project("{9A19103F-16F7-4668-BE54-9A1E7A4F7556}") = "CommunicationSystemServer", "CommunicationSystemServer\CommunicationSystemServer.csproj", "{B618C06D-8BAB-4F10-9293-25DF457A65E3}"
EndProject
Project("{FAE04EC0-301F-11D3-BF4B-00C04F79EFBC}") = "CustomClasses", "CustomClasses\CustomClasses.csproj", "{738641F9-8693-429F-B70E-042FBEDE69FD}"
EndProject
Global
	GlobalSection(SolutionConfigurationPlatforms) = preSolution
		Debug|Any CPU = Debug|Any CPU
		Release|Any CPU = Release|Any CPU
	EndGlobalSection
	GlobalSection(ProjectConfigurationPlatforms) = postSolution
		{B618C06D-8BAB-4F10-9293-25DF457A65E3}.Debug|Any CPU.ActiveCfg = Debug|Any CPU
		{B618C06D-8BAB-4F10-9293-25DF457A65E3}.Debug|Any CPU.Build.0 = Debug|Any CPU
		{B618C06D-8BAB-4F10-9293-25DF457A65E3}.Release|Any CPU.ActiveCfg = Release|Any CPU
		{B618C06D-8BAB-4F10-9293-25DF457A65E3}.Release|Any CPU.Build.0 = Release|Any CPU
		{738641F9-8693-429F-B70E-042FBEDE69FD}.Debug|Any CPU.ActiveCfg = Debug|Any CPU
		{738641F9-8693-429F-B70E-042FBEDE69FD}.Debug|Any CPU.Build.0 = Debug|Any CPU
		{738641F9-8693-429F-B70E-042FBEDE69FD}.Release|Any CPU.ActiveCfg = Release|Any CPU
		{738641F9-8693-429F-B70E-042FBEDE69FD}.Release|Any CPU.Build.0 = Release|Any CPU
	EndGlobalSection
	GlobalSection(SolutionProperties) = preSolution
		HideSolutionNode = FALSE
	EndGlobalSection
	GlobalSection(ExtensibilityGlobals) = postSolution
		SolutionGuid = {825D2713-1277-4FB5-9DF2-3CF2828F85F0}
	EndGlobalSection
EndGlobal
